
Microsoft Visual Studio Solution File, Format Version 12.00
# Visual Studio Version 17
VisualStudioVersion = 17.3.32929.385
MinimumVisualStudioVersion = 10.0.40219.1
Project("{9A19103F-16F7-4668-BE54-9A1E7A4F7556}") = "ProductManagement.API", "ProductManagement.API\ProductManagement.API.csproj", "{E12A1789-E9B4-4F09-8D20-119F55BB9058}"
EndProject
Project("{9A19103F-16F7-4668-BE54-9A1E7A4F7556}") = "ProductManagement.DAL", "ProductManagement.Infractructure\ProductManagement.DAL.csproj", "{E7C20F24-A484-469C-8B45-C8D624924595}"
EndProject
Project("{9A19103F-16F7-4668-BE54-9A1E7A4F7556}") = "ProductManagement.Domain", "ProductManagement.Domain\ProductManagement.Domain.csproj", "{FE29B164-BBA6-4085-884B-B4DB8748D050}"
EndProject
Project("{FAE04EC0-301F-11D3-BF4B-00C04F79EFBC}") = "ProductManagement.WEB", "ProductManagement.WEB\ProductManagement.WEB.csproj", "{3CD86323-848E-404A-905A-E7AF8E0B7EAA}"
EndProject
Global
	GlobalSection(SolutionConfigurationPlatforms) = preSolution
		Debug|Any CPU = Debug|Any CPU
		Release|Any CPU = Release|Any CPU
	EndGlobalSection
	GlobalSection(ProjectConfigurationPlatforms) = postSolution
		{E12A1789-E9B4-4F09-8D20-119F55BB9058}.Debug|Any CPU.ActiveCfg = Debug|Any CPU
		{E12A1789-E9B4-4F09-8D20-119F55BB9058}.Debug|Any CPU.Build.0 = Debug|Any CPU
		{E12A1789-E9B4-4F09-8D20-119F55BB9058}.Release|Any CPU.ActiveCfg = Release|Any CPU
		{E12A1789-E9B4-4F09-8D20-119F55BB9058}.Release|Any CPU.Build.0 = Release|Any CPU
		{E7C20F24-A484-469C-8B45-C8D624924595}.Debug|Any CPU.ActiveCfg = Debug|Any CPU
		{E7C20F24-A484-469C-8B45-C8D624924595}.Debug|Any CPU.Build.0 = Debug|Any CPU
		{E7C20F24-A484-469C-8B45-C8D624924595}.Release|Any CPU.ActiveCfg = Release|Any CPU
		{E7C20F24-A484-469C-8B45-C8D624924595}.Release|Any CPU.Build.0 = Release|Any CPU
		{FE29B164-BBA6-4085-884B-B4DB8748D050}.Debug|Any CPU.ActiveCfg = Debug|Any CPU
		{FE29B164-BBA6-4085-884B-B4DB8748D050}.Debug|Any CPU.Build.0 = Debug|Any CPU
		{FE29B164-BBA6-4085-884B-B4DB8748D050}.Release|Any CPU.ActiveCfg = Release|Any CPU
		{FE29B164-BBA6-4085-884B-B4DB8748D050}.Release|Any CPU.Build.0 = Release|Any CPU
		{3CD86323-848E-404A-905A-E7AF8E0B7EAA}.Debug|Any CPU.ActiveCfg = Debug|Any CPU
		{3CD86323-848E-404A-905A-E7AF8E0B7EAA}.Debug|Any CPU.Build.0 = Debug|Any CPU
		{3CD86323-848E-404A-905A-E7AF8E0B7EAA}.Release|Any CPU.ActiveCfg = Release|Any CPU
		{3CD86323-848E-404A-905A-E7AF8E0B7EAA}.Release|Any CPU.Build.0 = Release|Any CPU
	EndGlobalSection
	GlobalSection(SolutionProperties) = preSolution
		HideSolutionNode = FALSE
	EndGlobalSection
	GlobalSection(ExtensibilityGlobals) = postSolution
		SolutionGuid = {2F64646F-9012-4D8F-9B64-98F6C836734E}
	EndGlobalSection
EndGlobal
